// !$*UTF8*$!
{
	archiveVersion = 1;
	classes = {
	};
	objectVersion = 46;
	objects = {

/* Begin PBXBuildFile section */
		220E59C51B85B10900F85BC1 /* HiddensRemover.cpp in Sources */ = {isa = PBXBuildFile; fileRef = 220E59C41B85B10900F85BC1 /* HiddensRemover.cpp */; };
/* End PBXBuildFile section */

/* Begin PBXCopyFilesBuildPhase section */
		220E59B61B85B0B700F85BC1 /* CopyFiles */ = {
			isa = PBXCopyFilesBuildPhase;
			buildActionMask = 2147483647;
			dstPath = /usr/share/man/man1/;
			dstSubfolderSpec = 0;
			files = (
			);
			runOnlyForDeploymentPostprocessing = 1;
		};
/* End PBXCopyFilesBuildPhase section */

/* Begin PBXFileReference section */
		220E59B81B85B0B700F85BC1 /* HiddensRemover */ = {isa = PBXFileReference; explicitFileType = "compiled.mach-o.executable"; includeInIndex = 0; path = HiddensRemover; sourceTree = BUILT_PRODUCTS_DIR; };
		220E59C41B85B10900F85BC1 /* HiddensRemover.cpp */ = {isa = PBXFileReference; fileEncoding = 4; lastKnownFileType = sourcecode.cpp.cpp; path = HiddensRemover.cpp; sourceTree = "<group>"; };
/* End PBXFileReference section */

/* Begin PBXFrameworksBuildPhase section */
		220E59B51B85B0B700F85BC1 /* Frameworks */ = {
			isa = PBXFrameworksBuildPhase;
			buildActionMask = 2147483647;
			files = (
			);
			runOnlyForDeploymentPostprocessing = 0;
		};
/* End PBXFrameworksBuildPhase section */

/* Begin PBXGroup section */
		220E59AF1B85B0B700F85BC1 = {
			isa = PBXGroup;
			children = (
				220E59C31B85B10900F85BC1 /* Classes */,
				220E59B91B85B0B700F85BC1 /* Products */,
			);
			sourceTree = "<group>";
		};
		220E59B91B85B0B700F85BC1 /* Products */ = {
			isa = PBXGroup;
			children = (
				220E59B81B85B0B700F85BC1 /* HiddensRemover */,
			);
			name = Products;
			sourceTree = "<group>";
		};
		220E59C31B85B10900F85BC1 /* Classes */ = {
			isa = PBXGroup;
			children = (
				220E59C41B85B10900F85BC1 /* HiddensRemover.cpp */,
			);
			name = Classes;
			path = ../Classes;
			sourceTree = "<group>";
		};
/* End PBXGroup section */

/* Begin PBXNativeTarget section */
		220E59B71B85B0B700F85BC1 /* HiddensRemover */ = {
			isa = PBXNativeTarget;
			buildConfigurationList = 220E59BF1B85B0B700F85BC1 /* Build configuration list for PBXNativeTarget "HiddensRemover" */;
			buildPhases = (
				220E59B41B85B0B700F85BC1 /* Sources */,
				220E59B51B85B0B700F85BC1 /* Frameworks */,
				220E59B61B85B0B700F85BC1 /* CopyFiles */,
			);
			buildRules = (
			);
			dependencies = (
			);
			name = HiddensRemover;
			productName = HiddensRemover;
			productReference = 220E59B81B85B0B700F85BC1 /* HiddensRemover */;
			productType = "com.apple.product-type.tool";
		};
/* End PBXNativeTarget section */

/* Begin PBXProject section */
		220E59B01B85B0B700F85BC1 /* Project object */ = {
			isa = PBXProject;
			attributes = {
				LastUpgradeCheck = 0700;
				ORGANIZATIONNAME = Xin;
				TargetAttributes = {
					220E59B71B85B0B700F85BC1 = {
						CreatedOnToolsVersion = 7.0;
					};
				};
			};
			buildConfigurationList = 220E59B31B85B0B700F85BC1 /* Build configuration list for PBXProject "HiddensRemover" */;
			compatibilityVersion = "Xcode 3.2";
			developmentRegion = English;
			hasScannedForEncodings = 0;
			knownRegions = (
				en,
			);
			mainGroup = 220E59AF1B85B0B700F85BC1;
			productRefGroup = 220E59B91B85B0B700F85BC1 /* Products */;
			projectDirPath = "";
			projectRoot = "";
			targets = (
				220E59B71B85B0B700F85BC1 /* HiddensRemover */,
			);
		};
/* End PBXProject section */

/* Begin PBXSourcesBuildPhase section */
		220E59B41B85B0B700F85BC1 /* Sources */ = {
			isa = PBXSourcesBuildPhase;
			buildActionMask = 2147483647;
			files = (
				220E59C51B85B10900F85BC1 /* HiddensRemover.cpp in Sources */,
			);
			runOnlyForDeploymentPostprocessing = 0;
		};
/* End PBXSourcesBuildPhase section */

/* Begin XCBuildConfiguration section */
		220E59BD1B85B0B700F85BC1 /* Debug */ = {
			isa = XCBuildConfiguration;
			buildSettings = {
				ALWAYS_SEARCH_USER_PATHS = NO;
				CLANG_CXX_LANGUAGE_STANDARD = "c++0x";
				CLANG_CXX_LIBRARY = "libc++";
				CLANG_ENABLE_MODULES = YES;
				CLANG_ENABLE_OBJC_ARC = YES;
				CLANG_WARN_BOOL_CONVERSION = YES;
				CLANG_WARN_CONSTANT_CONVERSION = YES;
				CLANG_WARN_DIRECT_OBJC_ISA_USAGE = YES_ERROR;
				CLANG_WARN_EMPTY_BODY = YES;
				CLANG_WARN_ENUM_CONVERSION = YES;
				CLANG_WARN_INT_CONVERSION = YES;
				CLANG_WARN_OBJC_ROOT_CLASS = YES_ERROR;
				CLANG_WARN_UNREACHABLE_CODE = YES;
				CLANG_WARN__DUPLICATE_METHOD_MATCH = YES;
				COPY_PHASE_STRIP = NO;
				DEBUG_INFORMATION_FORMAT = dwarf;
				ENABLE_STRICT_OBJC_MSGSEND = YES;
				ENABLE_TESTABILITY = YES;
				GCC_DYNAMIC_NO_PIC = NO;
				GCC_NO_COMMON_BLOCKS = YES;
				GCC_OPTIMIZATION_LEVEL = 0;
				GCC_PREPROCESSOR_DEFINITIONS = (
					"DEBUG=1",
					"$(inherited)",
				);
				GCC_WARN_64_TO_32_BIT_CONVERSION = YES;
				GCC_WARN_ABOUT_RETURN_TYPE = YES_ERROR;
				GCC_WARN_UNDECLARED_SELECTOR = YES;
				GCC_WARN_UNINITIALIZED_AUTOS = YES_AGGRESSIVE;
				GCC_WARN_UNUSED_FUNCTION = YES;
				GCC_WARN_UNUSED_VARIABLE = YES;
				MACOSX_DEPLOYMENT_TARGET = 10.7;
				ONLY_ACTIVE_ARCH = YES;
				SDKROOT = macosx;
			};
			name = Debug;
		};
		220E59BE1B85B0B700F85BC1 /* Release */ = {
			isa = XCBuildConfiguration;
			buildSettings = {
				ALWAYS_SEARCH_USER_PATHS = NO;
				CLANG_CXX_LANGUAGE_STANDARD = "c++0x";
				CLANG_CXX_LIBRARY = "libc++";
				CLANG_ENABLE_MODULES = YES;
				CLANG_ENABLE_OBJC_ARC = YES;
				CLANG_WARN_BOOL_CONVERSION = YES;
				CLANG_WARN_CONSTANT_CONVERSION = YES;
				CLANG_WARN_DIRECT_OBJC_ISA_USAGE = YES_ERROR;
				CLANG_WARN_EMPTY_BODY = YES;
				CLANG_WARN_ENUM_CONVERSION = YES;
				CLANG_WARN_INT_CONVERSION = YES;
				CLANG_WARN_OBJC_ROOT_CLASS = YES_ERROR;
				CLANG_WARN_UNREACHABLE_CODE = YES;
				CLANG_WARN__DUPLICATE_METHOD_MATCH = YES;
				COPY_PHASE_STRIP = NO;
				DEBUG_INFORMATION_FORMAT = "dwarf-with-dsym";
				ENABLE_NS_ASSERTIONS = NO;
				ENABLE_STRICT_OBJC_MSGSEND = YES;
				GCC_NO_COMMON_BLOCKS = YES;
				GCC_OPTIMIZATION_LEVEL = fast;
				GCC_PREPROCESSOR_DEFINITIONS = (
					"NDEBUG=1",
					"RELEASE=1",
				);
				GCC_WARN_64_TO_32_BIT_CONVERSION = YES;
				GCC_WARN_ABOUT_RETURN_TYPE = YES_ERROR;
				GCC_WARN_UNDECLARED_SELECTOR = YES;
				GCC_WARN_UNINITIALIZED_AUTOS = YES_AGGRESSIVE;
				GCC_WARN_UNUSED_FUNCTION = YES;
				GCC_WARN_UNUSED_VARIABLE = YES;
				MACOSX_DEPLOYMENT_TARGET = 10.7;
				SDKROOT = macosx;
			};
			name = Release;
		};
		220E59C01B85B0B700F85BC1 /* Debug */ = {
			isa = XCBuildConfiguration;
			buildSettings = {
				PRODUCT_NAME = "$(TARGET_NAME)";
			};
			name = Debug;
		};
		220E59C11B85B0B700F85BC1 /* Release */ = {
			isa = XCBuildConfiguration;
			buildSettings = {
				PRODUCT_NAME = "$(TARGET_NAME)";
			};
			name = Release;
		};
/* End XCBuildConfiguration section */

/* Begin XCConfigurationList section */
		220E59B31B85B0B700F85BC1 /* Build configuration list for PBXProject "HiddensRemover" */ = {
			isa = XCConfigurationList;
			buildConfigurations = (
				220E59BD1B85B0B700F85BC1 /* Debug */,
				220E59BE1B85B0B700F85BC1 /* Release */,
			);
			defaultConfigurationIsVisible = 0;
			defaultConfigurationName = Release;
		};
		220E59BF1B85B0B700F85BC1 /* Build configuration list for PBXNativeTarget "HiddensRemover" */ = {
			isa = XCConfigurationList;
			buildConfigurations = (
				220E59C01B85B0B700F85BC1 /* Debug */,
				220E59C11B85B0B700F85BC1 /* Release */,
			);
			defaultConfigurationIsVisible = 0;
			defaultConfigurationName = Release;
		};
/* End XCConfigurationList section */
	};
	rootObject = 220E59B01B85B0B700F85BC1 /* Project object */;
}
